
Microsoft Visual Studio Solution File, Format Version 12.00
# Visual Studio Version 16
VisualStudioVersion = 16.0.31729.503
MinimumVisualStudioVersion = 10.0.40219.1
Project("{FAE04EC0-301F-11D3-BF4B-00C04F79EFBC}") = "Modellashtirish_2topshiriq", "Modellashtirish_2topshiriq.csproj", "{938333E0-E3AC-4C72-8C10-A2C25BA62ACC}"
EndProject
Global
	GlobalSection(SolutionConfigurationPlatforms) = preSolution
		Debug|Any CPU = Debug|Any CPU
		Release|Any CPU = Release|Any CPU
	EndGlobalSection
	GlobalSection(ProjectConfigurationPlatforms) = postSolution
		{938333E0-E3AC-4C72-8C10-A2C25BA62ACC}.Debug|Any CPU.ActiveCfg = Debug|Any CPU
		{938333E0-E3AC-4C72-8C10-A2C25BA62ACC}.Debug|Any CPU.Build.0 = Debug|Any CPU
		{938333E0-E3AC-4C72-8C10-A2C25BA62ACC}.Release|Any CPU.ActiveCfg = Release|Any CPU
		{938333E0-E3AC-4C72-8C10-A2C25BA62ACC}.Release|Any CPU.Build.0 = Release|Any CPU
	EndGlobalSection
	GlobalSection(SolutionProperties) = preSolution
		HideSolutionNode = FALSE
	EndGlobalSection
	GlobalSection(ExtensibilityGlobals) = postSolution
		SolutionGuid = {91F02AC3-A447-4474-9EF7-C40833C6410B}
	EndGlobalSection
EndGlobal
